// !$*UTF8*$!
{
	archiveVersion = 1;
	classes = {
	};
	objectVersion = 46;
	objects = {

/* Begin PBXBuildFile section */
		9AA8394D18565B750062F3E7 /* Foundation.framework in Frameworks */ = {isa = PBXBuildFile; fileRef = 9AA8394C18565B750062F3E7 /* Foundation.framework */; };
		9AA8395C18565B750062F3E7 /* Foundation.framework in Frameworks */ = {isa = PBXBuildFile; fileRef = 9AA8394C18565B750062F3E7 /* Foundation.framework */; };
		9AA8396118565B750062F3E7 /* libLoki.a in Frameworks */ = {isa = PBXBuildFile; fileRef = 9AA8394918565B750062F3E7 /* libLoki.a */; };
		9ADE931018565E6A00159D09 /* OrderedStatic.cpp in Sources */ = {isa = PBXBuildFile; fileRef = 9ADE930A18565E6A00159D09 /* OrderedStatic.cpp */; };
		9ADE931118565E6A00159D09 /* SafeFormat.cpp in Sources */ = {isa = PBXBuildFile; fileRef = 9ADE930B18565E6A00159D09 /* SafeFormat.cpp */; };
		9ADE931218565E6A00159D09 /* Singleton.cpp in Sources */ = {isa = PBXBuildFile; fileRef = 9ADE930C18565E6A00159D09 /* Singleton.cpp */; };
		9ADE931318565E6A00159D09 /* SmallObj.cpp in Sources */ = {isa = PBXBuildFile; fileRef = 9ADE930D18565E6A00159D09 /* SmallObj.cpp */; };
		9ADE931418565E6A00159D09 /* SmartPtr.cpp in Sources */ = {isa = PBXBuildFile; fileRef = 9ADE930E18565E6A00159D09 /* SmartPtr.cpp */; };
		9ADE931518565E6A00159D09 /* StrongPtr.cpp in Sources */ = {isa = PBXBuildFile; fileRef = 9ADE930F18565E6A00159D09 /* StrongPtr.cpp */; };
/* End PBXBuildFile section */

/* Begin PBXContainerItemProxy section */
		9AA8395F18565B750062F3E7 /* PBXContainerItemProxy */ = {
			isa = PBXContainerItemProxy;
			containerPortal = 9AA8394118565B740062F3E7 /* Project object */;
			proxyType = 1;
			remoteGlobalIDString = 9AA8394818565B750062F3E7;
			remoteInfo = Loki;
		};
/* End PBXContainerItemProxy section */

/* Begin PBXCopyFilesBuildPhase section */
		9AA8394718565B750062F3E7 /* CopyFiles */ = {
			isa = PBXCopyFilesBuildPhase;
			buildActionMask = 2147483647;
			dstPath = "include/$(PRODUCT_NAME)";
			dstSubfolderSpec = 16;
			files = (
			);
			runOnlyForDeploymentPostprocessing = 0;
		};
/* End PBXCopyFilesBuildPhase section */

/* Begin PBXFileReference section */
		9AA8394918565B750062F3E7 /* libLoki.a */ = {isa = PBXFileReference; explicitFileType = archive.ar; includeInIndex = 0; path = libLoki.a; sourceTree = BUILT_PRODUCTS_DIR; };
		9AA8394C18565B750062F3E7 /* Foundation.framework */ = {isa = PBXFileReference; lastKnownFileType = wrapper.framework; name = Foundation.framework; path = System/Library/Frameworks/Foundation.framework; sourceTree = SDKROOT; };
		9AA8395918565B750062F3E7 /* LokiTests.xctest */ = {isa = PBXFileReference; explicitFileType = wrapper.cfbundle; includeInIndex = 0; path = LokiTests.xctest; sourceTree = BUILT_PRODUCTS_DIR; };
		9ADE930A18565E6A00159D09 /* OrderedStatic.cpp */ = {isa = PBXFileReference; fileEncoding = 4; lastKnownFileType = sourcecode.cpp.cpp; name = OrderedStatic.cpp; path = ../../../src/OrderedStatic.cpp; sourceTree = "<group>"; };
		9ADE930B18565E6A00159D09 /* SafeFormat.cpp */ = {isa = PBXFileReference; fileEncoding = 4; lastKnownFileType = sourcecode.cpp.cpp; name = SafeFormat.cpp; path = ../../../src/SafeFormat.cpp; sourceTree = "<group>"; };
		9ADE930C18565E6A00159D09 /* Singleton.cpp */ = {isa = PBXFileReference; fileEncoding = 4; lastKnownFileType = sourcecode.cpp.cpp; name = Singleton.cpp; path = ../../../src/Singleton.cpp; sourceTree = "<group>"; };
		9ADE930D18565E6A00159D09 /* SmallObj.cpp */ = {isa = PBXFileReference; fileEncoding = 4; lastKnownFileType = sourcecode.cpp.cpp; name = SmallObj.cpp; path = ../../../src/SmallObj.cpp; sourceTree = "<group>"; };
		9ADE930E18565E6A00159D09 /* SmartPtr.cpp */ = {isa = PBXFileReference; fileEncoding = 4; lastKnownFileType = sourcecode.cpp.cpp; name = SmartPtr.cpp; path = ../../../src/SmartPtr.cpp; sourceTree = "<group>"; };
		9ADE930F18565E6A00159D09 /* StrongPtr.cpp */ = {isa = PBXFileReference; fileEncoding = 4; lastKnownFileType = sourcecode.cpp.cpp; name = StrongPtr.cpp; path = ../../../src/StrongPtr.cpp; sourceTree = "<group>"; };
		9ADE931618565E8D00159D09 /* StrongPtr.h */ = {isa = PBXFileReference; fileEncoding = 4; lastKnownFileType = sourcecode.c.h; name = StrongPtr.h; path = ../../../include/loki/StrongPtr.h; sourceTree = "<group>"; };
		9ADE931718565E8D00159D09 /* AbstractFactory.h */ = {isa = PBXFileReference; fileEncoding = 4; lastKnownFileType = sourcecode.c.h; name = AbstractFactory.h; path = ../../../include/loki/AbstractFactory.h; sourceTree = "<group>"; };
		9ADE931818565E8D00159D09 /* AssocVector.h */ = {isa = PBXFileReference; fileEncoding = 4; lastKnownFileType = sourcecode.c.h; name = AssocVector.h; path = ../../../include/loki/AssocVector.h; sourceTree = "<group>"; };
		9ADE931918565E8D00159D09 /* ConstPolicy.h */ = {isa = PBXFileReference; fileEncoding = 4; lastKnownFileType = sourcecode.c.h; name = ConstPolicy.h; path = ../../../include/loki/ConstPolicy.h; sourceTree = "<group>"; };
		9ADE931A18565E8D00159D09 /* DataGenerators.h */ = {isa = PBXFileReference; fileEncoding = 4; lastKnownFileType = sourcecode.c.h; name = DataGenerators.h; path = ../../../include/loki/DataGenerators.h; sourceTree = "<group>"; };
		9ADE931B18565E8D00159D09 /* EmptyType.h */ = {isa = PBXFileReference; fileEncoding = 4; lastKnownFileType = sourcecode.c.h; name = EmptyType.h; path = ../../../include/loki/EmptyType.h; sourceTree = "<group>"; };
		9ADE931C18565E8D00159D09 /* Factory.h */ = {isa = PBXFileReference; fileEncoding = 4; lastKnownFileType = sourcecode.c.h; name = Factory.h; path = ../../../include/loki/Factory.h; sourceTree = "<group>"; };
		9ADE931D18565E8D00159D09 /* Function.h */ = {isa = PBXFileReference; fileEncoding = 4; lastKnownFileType = sourcecode.c.h; name = Function.h; path = ../../../include/loki/Function.h; sourceTree = "<group>"; };
		9ADE931E18565E8D00159D09 /* Functor.h */ = {isa = PBXFileReference; fileEncoding = 4; lastKnownFileType = sourcecode.c.h; name = Functor.h; path = ../../../include/loki/Functor.h; sourceTree = "<group>"; };
		9ADE931F18565E8D00159D09 /* HierarchyGenerators.h */ = {isa = PBXFileReference; fileEncoding = 4; lastKnownFileType = sourcecode.c.h; name = HierarchyGenerators.h; path = ../../../include/loki/HierarchyGenerators.h; sourceTree = "<group>"; };
		9ADE932018565E8D00159D09 /* LockingPtr.h */ = {isa = PBXFileReference; fileEncoding = 4; lastKnownFileType = sourcecode.c.h; name = LockingPtr.h; path = ../../../include/loki/LockingPtr.h; sourceTree = "<group>"; };
		9ADE932118565E8D00159D09 /* LokiExport.h */ = {isa = PBXFileReference; fileEncoding = 4; lastKnownFileType = sourcecode.c.h; name = LokiExport.h; path = ../../../include/loki/LokiExport.h; sourceTree = "<group>"; };
		9ADE932218565E8D00159D09 /* LokiTypeInfo.h */ = {isa = PBXFileReference; fileEncoding = 4; lastKnownFileType = sourcecode.c.h; name = LokiTypeInfo.h; path = ../../../include/loki/LokiTypeInfo.h; sourceTree = "<group>"; };
		9ADE932318565E8D00159D09 /* MultiMethods.h */ = {isa = PBXFileReference; fileEncoding = 4; lastKnownFileType = sourcecode.c.h; name = MultiMethods.h; path = ../../../include/loki/MultiMethods.h; sourceTree = "<group>"; };
		9ADE932418565E8D00159D09 /* NullType.h */ = {isa = PBXFileReference; fileEncoding = 4; lastKnownFileType = sourcecode.c.h; name = NullType.h; path = ../../../include/loki/NullType.h; sourceTree = "<group>"; };
		9ADE932518565E8D00159D09 /* OrderedStatic.h */ = {isa = PBXFileReference; fileEncoding = 4; lastKnownFileType = sourcecode.c.h; name = OrderedStatic.h; path = ../../../include/loki/OrderedStatic.h; sourceTree = "<group>"; };
		9ADE932618565E8D00159D09 /* Pimpl.h */ = {isa = PBXFileReference; fileEncoding = 4; lastKnownFileType = sourcecode.c.h; name = Pimpl.h; path = ../../../include/loki/Pimpl.h; sourceTree = "<group>"; };
		9ADE932718565E8D00159D09 /* RefToValue.h */ = {isa = PBXFileReference; fileEncoding = 4; lastKnownFileType = sourcecode.c.h; name = RefToValue.h; path = ../../../include/loki/RefToValue.h; sourceTree = "<group>"; };
		9ADE932818565E8D00159D09 /* Register.h */ = {isa = PBXFileReference; fileEncoding = 4; lastKnownFileType = sourcecode.c.h; name = Register.h; path = ../../../include/loki/Register.h; sourceTree = "<group>"; };
		9ADE932918565E8D00159D09 /* SafeFormat.h */ = {isa = PBXFileReference; fileEncoding = 4; lastKnownFileType = sourcecode.c.h; name = SafeFormat.h; path = ../../../include/loki/SafeFormat.h; sourceTree = "<group>"; };
		9ADE932A18565E8D00159D09 /* ScopeGuard.h */ = {isa = PBXFileReference; fileEncoding = 4; lastKnownFileType = sourcecode.c.h; name = ScopeGuard.h; path = ../../../include/loki/ScopeGuard.h; sourceTree = "<group>"; };
		9ADE932B18565E8D00159D09 /* Sequence.h */ = {isa = PBXFileReference; fileEncoding = 4; lastKnownFileType = sourcecode.c.h; name = Sequence.h; path = ../../../include/loki/Sequence.h; sourceTree = "<group>"; };
		9ADE932C18565E8D00159D09 /* Singleton.h */ = {isa = PBXFileReference; fileEncoding = 4; lastKnownFileType = sourcecode.c.h; name = Singleton.h; path = ../../../include/loki/Singleton.h; sourceTree = "<group>"; };
		9ADE932D18565E8D00159D09 /* SmallObj.h */ = {isa = PBXFileReference; fileEncoding = 4; lastKnownFileType = sourcecode.c.h; name = SmallObj.h; path = ../../../include/loki/SmallObj.h; sourceTree = "<group>"; };
		9ADE932E18565E8D00159D09 /* SmartPtr.h */ = {isa = PBXFileReference; fileEncoding = 4; lastKnownFileType = sourcecode.c.h; name = SmartPtr.h; path = ../../../include/loki/SmartPtr.h; sourceTree = "<group>"; };
		9ADE932F18565E8D00159D09 /* static_check.h */ = {isa = PBXFileReference; fileEncoding = 4; lastKnownFileType = sourcecode.c.h; name = static_check.h; path = ../../../include/loki/static_check.h; sourceTree = "<group>"; };
		9ADE933018565E8D00159D09 /* Threads.h */ = {isa = PBXFileReference; fileEncoding = 4; lastKnownFileType = sourcecode.c.h; name = Threads.h; path = ../../../include/loki/Threads.h; sourceTree = "<group>"; };
		9ADE933118565E8D00159D09 /* Tuple.h */ = {isa = PBXFileReference; fileEncoding = 4; lastKnownFileType = sourcecode.c.h; name = Tuple.h; path = ../../../include/loki/Tuple.h; sourceTree = "<group>"; };
		9ADE933218565E8D00159D09 /* Typelist.h */ = {isa = PBXFileReference; fileEncoding = 4; lastKnownFileType = sourcecode.c.h; name = Typelist.h; path = ../../../include/loki/Typelist.h; sourceTree = "<group>"; };
		9ADE933318565E8D00159D09 /* TypelistMacros.h */ = {isa = PBXFileReference; fileEncoding = 4; lastKnownFileType = sourcecode.c.h; name = TypelistMacros.h; path = ../../../include/loki/TypelistMacros.h; sourceTree = "<group>"; };
		9ADE933418565E8D00159D09 /* TypeManip.h */ = {isa = PBXFileReference; fileEncoding = 4; lastKnownFileType = sourcecode.c.h; name = TypeManip.h; path = ../../../include/loki/TypeManip.h; sourceTree = "<group>"; };
		9ADE933518565E8D00159D09 /* TypeTraits.h */ = {isa = PBXFileReference; fileEncoding = 4; lastKnownFileType = sourcecode.c.h; name = TypeTraits.h; path = ../../../include/loki/TypeTraits.h; sourceTree = "<group>"; };
		9ADE933618565E8D00159D09 /* Visitor.h */ = {isa = PBXFileReference; fileEncoding = 4; lastKnownFileType = sourcecode.c.h; name = Visitor.h; path = ../../../include/loki/Visitor.h; sourceTree = "<group>"; };
/* End PBXFileReference section */

/* Begin PBXFrameworksBuildPhase section */
		9AA8394618565B750062F3E7 /* Frameworks */ = {
			isa = PBXFrameworksBuildPhase;
			buildActionMask = 2147483647;
			files = (
				9AA8394D18565B750062F3E7 /* Foundation.framework in Frameworks */,
			);
			runOnlyForDeploymentPostprocessing = 0;
		};
		9AA8395618565B750062F3E7 /* Frameworks */ = {
			isa = PBXFrameworksBuildPhase;
			buildActionMask = 2147483647;
			files = (
				9AA8396118565B750062F3E7 /* libLoki.a in Frameworks */,
				9AA8395C18565B750062F3E7 /* Foundation.framework in Frameworks */,
			);
			runOnlyForDeploymentPostprocessing = 0;
		};
/* End PBXFrameworksBuildPhase section */

/* Begin PBXGroup section */
		9AA8394018565B740062F3E7 = {
			isa = PBXGroup;
			children = (
				9AA8394E18565B750062F3E7 /* Headers */,
				9AA8396218565B750062F3E7 /* Source */,
				9AA8394B18565B750062F3E7 /* Frameworks */,
				9AA8394A18565B750062F3E7 /* Products */,
			);
			sourceTree = "<group>";
		};
		9AA8394A18565B750062F3E7 /* Products */ = {
			isa = PBXGroup;
			children = (
				9AA8394918565B750062F3E7 /* libLoki.a */,
				9AA8395918565B750062F3E7 /* LokiTests.xctest */,
			);
			name = Products;
			sourceTree = "<group>";
		};
		9AA8394B18565B750062F3E7 /* Frameworks */ = {
			isa = PBXGroup;
			children = (
				9AA8394C18565B750062F3E7 /* Foundation.framework */,
			);
			name = Frameworks;
			sourceTree = "<group>";
		};
		9AA8394E18565B750062F3E7 /* Headers */ = {
			isa = PBXGroup;
			children = (
				9ADE931618565E8D00159D09 /* StrongPtr.h */,
				9ADE931718565E8D00159D09 /* AbstractFactory.h */,
				9ADE931818565E8D00159D09 /* AssocVector.h */,
				9ADE931918565E8D00159D09 /* ConstPolicy.h */,
				9ADE931A18565E8D00159D09 /* DataGenerators.h */,
				9ADE931B18565E8D00159D09 /* EmptyType.h */,
				9ADE931C18565E8D00159D09 /* Factory.h */,
				9ADE931D18565E8D00159D09 /* Function.h */,
				9ADE931E18565E8D00159D09 /* Functor.h */,
				9ADE931F18565E8D00159D09 /* HierarchyGenerators.h */,
				9ADE932018565E8D00159D09 /* LockingPtr.h */,
				9ADE932118565E8D00159D09 /* LokiExport.h */,
				9ADE932218565E8D00159D09 /* LokiTypeInfo.h */,
				9ADE932318565E8D00159D09 /* MultiMethods.h */,
				9ADE932418565E8D00159D09 /* NullType.h */,
				9ADE932518565E8D00159D09 /* OrderedStatic.h */,
				9ADE932618565E8D00159D09 /* Pimpl.h */,
				9ADE932718565E8D00159D09 /* RefToValue.h */,
				9ADE932818565E8D00159D09 /* Register.h */,
				9ADE932918565E8D00159D09 /* SafeFormat.h */,
				9ADE932A18565E8D00159D09 /* ScopeGuard.h */,
				9ADE932B18565E8D00159D09 /* Sequence.h */,
				9ADE932C18565E8D00159D09 /* Singleton.h */,
				9ADE932D18565E8D00159D09 /* SmallObj.h */,
				9ADE932E18565E8D00159D09 /* SmartPtr.h */,
				9ADE932F18565E8D00159D09 /* static_check.h */,
				9ADE933018565E8D00159D09 /* Threads.h */,
				9ADE933118565E8D00159D09 /* Tuple.h */,
				9ADE933218565E8D00159D09 /* Typelist.h */,
				9ADE933318565E8D00159D09 /* TypelistMacros.h */,
				9ADE933418565E8D00159D09 /* TypeManip.h */,
				9ADE933518565E8D00159D09 /* TypeTraits.h */,
				9ADE933618565E8D00159D09 /* Visitor.h */,
			);
			name = Headers;
			path = Loki;
			sourceTree = "<group>";
		};
		9AA8396218565B750062F3E7 /* Source */ = {
			isa = PBXGroup;
			children = (
				9ADE930A18565E6A00159D09 /* OrderedStatic.cpp */,
				9ADE930B18565E6A00159D09 /* SafeFormat.cpp */,
				9ADE930C18565E6A00159D09 /* Singleton.cpp */,
				9ADE930D18565E6A00159D09 /* SmallObj.cpp */,
				9ADE930E18565E6A00159D09 /* SmartPtr.cpp */,
				9ADE930F18565E6A00159D09 /* StrongPtr.cpp */,
			);
			name = Source;
			path = LokiTests;
			sourceTree = "<group>";
		};
/* End PBXGroup section */

/* Begin PBXNativeTarget section */
		9AA8394818565B750062F3E7 /* Loki */ = {
			isa = PBXNativeTarget;
			buildConfigurationList = 9AA8396C18565B750062F3E7 /* Build configuration list for PBXNativeTarget "Loki" */;
			buildPhases = (
				9AA8394518565B750062F3E7 /* Sources */,
				9AA8394618565B750062F3E7 /* Frameworks */,
				9AA8394718565B750062F3E7 /* CopyFiles */,
			);
			buildRules = (
			);
			dependencies = (
			);
			name = Loki;
			productName = Loki;
			productReference = 9AA8394918565B750062F3E7 /* libLoki.a */;
			productType = "com.apple.product-type.library.static";
		};
		9AA8395818565B750062F3E7 /* LokiTests */ = {
			isa = PBXNativeTarget;
			buildConfigurationList = 9AA8396F18565B750062F3E7 /* Build configuration list for PBXNativeTarget "LokiTests" */;
			buildPhases = (
				9AA8395518565B750062F3E7 /* Sources */,
				9AA8395618565B750062F3E7 /* Frameworks */,
				9AA8395718565B750062F3E7 /* Resources */,
			);
			buildRules = (
			);
			dependencies = (
				9AA8396018565B750062F3E7 /* PBXTargetDependency */,
			);
			name = LokiTests;
			productName = LokiTests;
			productReference = 9AA8395918565B750062F3E7 /* LokiTests.xctest */;
			productType = "com.apple.product-type.bundle.unit-test";
		};
/* End PBXNativeTarget section */

/* Begin PBXProject section */
		9AA8394118565B740062F3E7 /* Project object */ = {
			isa = PBXProject;
			attributes = {
				LastUpgradeCheck = 0510;
				ORGANIZATIONNAME = "Alexander Kuznietsov";
			};
			buildConfigurationList = 9AA8394418565B740062F3E7 /* Build configuration list for PBXProject "Loki" */;
			compatibilityVersion = "Xcode 3.2";
			developmentRegion = English;
			hasScannedForEncodings = 0;
			knownRegions = (
				en,
			);
			mainGroup = 9AA8394018565B740062F3E7;
			productRefGroup = 9AA8394A18565B750062F3E7 /* Products */;
			projectDirPath = "";
			projectRoot = "";
			targets = (
				9AA8394818565B750062F3E7 /* Loki */,
				9AA8395818565B750062F3E7 /* LokiTests */,
			);
		};
/* End PBXProject section */

/* Begin PBXResourcesBuildPhase section */
		9AA8395718565B750062F3E7 /* Resources */ = {
			isa = PBXResourcesBuildPhase;
			buildActionMask = 2147483647;
			files = (
			);
			runOnlyForDeploymentPostprocessing = 0;
		};
/* End PBXResourcesBuildPhase section */

/* Begin PBXSourcesBuildPhase section */
		9AA8394518565B750062F3E7 /* Sources */ = {
			isa = PBXSourcesBuildPhase;
			buildActionMask = 2147483647;
			files = (
				9ADE931218565E6A00159D09 /* Singleton.cpp in Sources */,
				9ADE931318565E6A00159D09 /* SmallObj.cpp in Sources */,
				9ADE931018565E6A00159D09 /* OrderedStatic.cpp in Sources */,
				9ADE931518565E6A00159D09 /* StrongPtr.cpp in Sources */,
				9ADE931118565E6A00159D09 /* SafeFormat.cpp in Sources */,
				9ADE931418565E6A00159D09 /* SmartPtr.cpp in Sources */,
			);
			runOnlyForDeploymentPostprocessing = 0;
		};
		9AA8395518565B750062F3E7 /* Sources */ = {
			isa = PBXSourcesBuildPhase;
			buildActionMask = 2147483647;
			files = (
			);
			runOnlyForDeploymentPostprocessing = 0;
		};
/* End PBXSourcesBuildPhase section */

/* Begin PBXTargetDependency section */
		9AA8396018565B750062F3E7 /* PBXTargetDependency */ = {
			isa = PBXTargetDependency;
			target = 9AA8394818565B750062F3E7 /* Loki */;
			targetProxy = 9AA8395F18565B750062F3E7 /* PBXContainerItemProxy */;
		};
/* End PBXTargetDependency section */

/* Begin XCBuildConfiguration section */
		9AA8396A18565B750062F3E7 /* Debug */ = {
			isa = XCBuildConfiguration;
			buildSettings = {
				ALWAYS_SEARCH_USER_PATHS = NO;
				ARCHS = "$(ARCHS_STANDARD_INCLUDING_64_BIT)";
				CLANG_CXX_LANGUAGE_STANDARD = "gnu++0x";
				CLANG_CXX_LIBRARY = "libc++";
				CLANG_ENABLE_MODULES = YES;
				CLANG_ENABLE_OBJC_ARC = YES;
				CLANG_WARN_BOOL_CONVERSION = YES;
				CLANG_WARN_CONSTANT_CONVERSION = YES;
				CLANG_WARN_DIRECT_OBJC_ISA_USAGE = YES_ERROR;
				CLANG_WARN_EMPTY_BODY = YES;
				CLANG_WARN_ENUM_CONVERSION = YES;
				CLANG_WARN_INT_CONVERSION = YES;
				CLANG_WARN_OBJC_ROOT_CLASS = YES_ERROR;
				CLANG_WARN__DUPLICATE_METHOD_MATCH = YES;
				COPY_PHASE_STRIP = NO;
				EXECUTABLE_EXTENSION = a;
				EXECUTABLE_PREFIX = lib;
				GCC_C_LANGUAGE_STANDARD = gnu99;
				GCC_DYNAMIC_NO_PIC = NO;
				GCC_OPTIMIZATION_LEVEL = 0;
				GCC_PREPROCESSOR_DEFINITIONS = (
					"DEBUG=1",
					"$(inherited)",
				);
				GCC_SYMBOLS_PRIVATE_EXTERN = NO;
				GCC_WARN_64_TO_32_BIT_CONVERSION = YES;
				GCC_WARN_ABOUT_RETURN_TYPE = YES_ERROR;
				GCC_WARN_UNDECLARED_SELECTOR = YES;
				GCC_WARN_UNINITIALIZED_AUTOS = YES_AGGRESSIVE;
				GCC_WARN_UNUSED_FUNCTION = YES;
				GCC_WARN_UNUSED_VARIABLE = YES;
				IPHONEOS_DEPLOYMENT_TARGET = 7.1;
				ONLY_ACTIVE_ARCH = YES;
				SDKROOT = iphoneos;
			};
			name = Debug;
		};
		9AA8396B18565B750062F3E7 /* Release */ = {
			isa = XCBuildConfiguration;
			buildSettings = {
				ALWAYS_SEARCH_USER_PATHS = NO;
				ARCHS = "$(ARCHS_STANDARD_INCLUDING_64_BIT)";
				CLANG_CXX_LANGUAGE_STANDARD = "gnu++0x";
				CLANG_CXX_LIBRARY = "libc++";
				CLANG_ENABLE_MODULES = YES;
				CLANG_ENABLE_OBJC_ARC = YES;
				CLANG_WARN_BOOL_CONVERSION = YES;
				CLANG_WARN_CONSTANT_CONVERSION = YES;
				CLANG_WARN_DIRECT_OBJC_ISA_USAGE = YES_ERROR;
				CLANG_WARN_EMPTY_BODY = YES;
				CLANG_WARN_ENUM_CONVERSION = YES;
				CLANG_WARN_INT_CONVERSION = YES;
				CLANG_WARN_OBJC_ROOT_CLASS = YES_ERROR;
				CLANG_WARN__DUPLICATE_METHOD_MATCH = YES;
				COPY_PHASE_STRIP = YES;
				ENABLE_NS_ASSERTIONS = NO;
				EXECUTABLE_EXTENSION = a;
				EXECUTABLE_PREFIX = lib;
				GCC_C_LANGUAGE_STANDARD = gnu99;
				GCC_WARN_64_TO_32_BIT_CONVERSION = YES;
				GCC_WARN_ABOUT_RETURN_TYPE = YES_ERROR;
				GCC_WARN_UNDECLARED_SELECTOR = YES;
				GCC_WARN_UNINITIALIZED_AUTOS = YES_AGGRESSIVE;
				GCC_WARN_UNUSED_FUNCTION = YES;
				GCC_WARN_UNUSED_VARIABLE = YES;
				IPHONEOS_DEPLOYMENT_TARGET = 7.1;
				SDKROOT = iphoneos;
				VALIDATE_PRODUCT = YES;
			};
			name = Release;
		};
		9AA8396D18565B750062F3E7 /* Debug */ = {
			isa = XCBuildConfiguration;
			buildSettings = {
				DSTROOT = /tmp/Loki.dst;
				GCC_PRECOMPILE_PREFIX_HEADER = YES;
				GCC_PREFIX_HEADER = "Loki/Loki-Prefix.pch";
				HEADER_SEARCH_PATHS = (
					"$(inherited)",
					"/Applications/Xcode51-DP.app/Contents/Developer/Toolchains/XcodeDefault.xctoolchain/usr/include",
					"\"$(SRCROOT)/../../include\"",
				);
				OTHER_LDFLAGS = "-ObjC";
				PRODUCT_NAME = "$(TARGET_NAME)";
				SKIP_INSTALL = YES;
			};
			name = Debug;
		};
		9AA8396E18565B750062F3E7 /* Release */ = {
			isa = XCBuildConfiguration;
			buildSettings = {
				DSTROOT = /tmp/Loki.dst;
				GCC_PRECOMPILE_PREFIX_HEADER = YES;
				GCC_PREFIX_HEADER = "Loki/Loki-Prefix.pch";
				HEADER_SEARCH_PATHS = (
					"$(inherited)",
					"/Applications/Xcode51-DP.app/Contents/Developer/Toolchains/XcodeDefault.xctoolchain/usr/include",
					"\"$(SRCROOT)/../../include\"",
				);
				OTHER_LDFLAGS = "-ObjC";
				PRODUCT_NAME = "$(TARGET_NAME)";
				SKIP_INSTALL = YES;
			};
			name = Release;
		};
		9AA8397018565B750062F3E7 /* Debug */ = {
			isa = XCBuildConfiguration;
			buildSettings = {
				ARCHS = "$(ARCHS_STANDARD_INCLUDING_64_BIT)";
				FRAMEWORK_SEARCH_PATHS = (
					"$(SDKROOT)/Developer/Library/Frameworks",
					"$(inherited)",
					"$(DEVELOPER_FRAMEWORKS_DIR)",
				);
				GCC_PRECOMPILE_PREFIX_HEADER = YES;
				GCC_PREFIX_HEADER = "Loki/Loki-Prefix.pch";
				GCC_PREPROCESSOR_DEFINITIONS = (
					"DEBUG=1",
					"$(inherited)",
				);
				HEADER_SEARCH_PATHS = (
					"$(inherited)",
					"/Applications/Xcode51-DP.app/Contents/Developer/Toolchains/XcodeDefault.xctoolchain/usr/include",
					"\"$(SRCROOT)/../../include\"",
				);
				INFOPLIST_FILE = "LokiTests/LokiTests-Info.plist";
				PRODUCT_NAME = "$(TARGET_NAME)";
				WRAPPER_EXTENSION = xctest;
			};
			name = Debug;
		};
		9AA8397118565B750062F3E7 /* Release */ = {
			isa = XCBuildConfiguration;
			buildSettings = {
				ARCHS = "$(ARCHS_STANDARD_INCLUDING_64_BIT)";
				FRAMEWORK_SEARCH_PATHS = (
					"$(SDKROOT)/Developer/Library/Frameworks",
					"$(inherited)",
					"$(DEVELOPER_FRAMEWORKS_DIR)",
				);
				GCC_PRECOMPILE_PREFIX_HEADER = YES;
				GCC_PREFIX_HEADER = "Loki/Loki-Prefix.pch";
				HEADER_SEARCH_PATHS = (
					"$(inherited)",
					"/Applications/Xcode51-DP.app/Contents/Developer/Toolchains/XcodeDefault.xctoolchain/usr/include",
					"\"$(SRCROOT)/../../include\"",
				);
				INFOPLIST_FILE = "LokiTests/LokiTests-Info.plist";
				PRODUCT_NAME = "$(TARGET_NAME)";
				WRAPPER_EXTENSION = xctest;
			};
			name = Release;
		};
/* End XCBuildConfiguration section */

/* Begin XCConfigurationList section */
		9AA8394418565B740062F3E7 /* Build configuration list for PBXProject "Loki" */ = {
			isa = XCConfigurationList;
			buildConfigurations = (
				9AA8396A18565B750062F3E7 /* Debug */,
				9AA8396B18565B750062F3E7 /* Release */,
			);
			defaultConfigurationIsVisible = 0;
			defaultConfigurationName = Release;
		};
		9AA8396C18565B750062F3E7 /* Build configuration list for PBXNativeTarget "Loki" */ = {
			isa = XCConfigurationList;
			buildConfigurations = (
				9AA8396D18565B750062F3E7 /* Debug */,
				9AA8396E18565B750062F3E7 /* Release */,
			);
			defaultConfigurationIsVisible = 0;
			defaultConfigurationName = Release;
		};
		9AA8396F18565B750062F3E7 /* Build configuration list for PBXNativeTarget "LokiTests" */ = {
			isa = XCConfigurationList;
			buildConfigurations = (
				9AA8397018565B750062F3E7 /* Debug */,
				9AA8397118565B750062F3E7 /* Release */,
			);
			defaultConfigurationIsVisible = 0;
			defaultConfigurationName = Release;
		};
/* End XCConfigurationList section */
	};
	rootObject = 9AA8394118565B740062F3E7 /* Project object */;
}
