<?xml version="1.0" encoding="utf-8"?>
<Project ToolsVersion="4.0" xmlns="http://schemas.microsoft.com/developer/msbuild/2003">
  <ItemGroup>
    <Filter Include="src">
      <UniqueIdentifier>{4FC737F1-C7A5-4376-A066-2A32D752A2FF}</UniqueIdentifier>
      <Extensions>cpp;c;cc;cxx;def;odl;idl;hpj;bat;asm;asmx</Extensions>
    </Filter>
    <Filter Include="src\Base">
      <UniqueIdentifier>{89380021-3bb8-402f-b159-3b2154e9c47c}</UniqueIdentifier>
    </Filter>
    <Filter Include="src\Resources">
      <UniqueIdentifier>{729f8c98-fe1d-4504-9918-fef5d3e17dd1}</UniqueIdentifier>
    </Filter>
    <Filter Include="src\Game">
      <UniqueIdentifier>{a57a3422-1c7a-4de4-b4e2-4b3320008314}</UniqueIdentifier>
    </Filter>
    <Filter Include="src\Game\GameScene">
      <UniqueIdentifier>{f9a01f53-f9bf-4285-97d5-fffa8e617191}</UniqueIdentifier>
    </Filter>
    <Filter Include="src\Game\GameScene\Popup">
      <UniqueIdentifier>{98cb50f8-8607-4241-85b5-dca0458abf98}</UniqueIdentifier>
    </Filter>
    <Filter Include="src\Game\Gameplay">
      <UniqueIdentifier>{f0dd620b-7d2c-4ba4-828a-8f84937a1c25}</UniqueIdentifier>
    </Filter>
  </ItemGroup>
  <ItemGroup>
    <ClCompile Include="..\src\main.cpp">
      <Filter>src</Filter>
    </ClCompile>
    <ClCompile Include="..\src\AppDelegate.cpp">
      <Filter>src\Base</Filter>
    </ClCompile>
    <ClCompile Include="..\src\VisibleRect.cpp">
      <Filter>src\Base</Filter>
    </ClCompile>
    <ClCompile Include="..\src\GameDelegate.cpp">
      <Filter>src\Game</Filter>
    </ClCompile>
    <ClCompile Include="..\src\Utils.cpp">
      <Filter>src\Game</Filter>
    </ClCompile>
    <ClCompile Include="..\src\Precompiled.cpp">
      <Filter>src</Filter>
    </ClCompile>
    <ClCompile Include="..\src\System.cpp">
      <Filter>src\Game</Filter>
    </ClCompile>
    <ClCompile Include="..\src\SceneController.cpp">
      <Filter>src\Game\GameScene</Filter>
    </ClCompile>
    <ClCompile Include="..\src\Resources.cpp">
      <Filter>src\Resources</Filter>
    </ClCompile>
    <ClCompile Include="..\src\TextManager.cpp">
      <Filter>src\Resources</Filter>
    </ClCompile>
    <ClCompile Include="..\src\GameSceneBase.cpp">
      <Filter>src\Game\GameScene</Filter>
    </ClCompile>
    <ClCompile Include="..\src\LoadingScene.cpp">
      <Filter>src\Game\GameScene</Filter>
    </ClCompile>
    <ClCompile Include="..\src\MainMenuScene.cpp">
      <Filter>src\Game\GameScene</Filter>
    </ClCompile>
    <ClCompile Include="..\src\MainScene.cpp">
      <Filter>src\Game\GameScene</Filter>
    </ClCompile>
    <ClCompile Include="..\src\SaveController.cpp">
      <Filter>src\Game</Filter>
    </ClCompile>
    <ClCompile Include="..\src\EventController.cpp">
      <Filter>src\Game</Filter>
    </ClCompile>
    <ClCompile Include="..\src\Player.cpp">
      <Filter>src\Game</Filter>
    </ClCompile>
    <ClCompile Include="..\src\PopupOkCancel.cpp">
      <Filter>src\Game\GameScene\Popup</Filter>
    </ClCompile>
    <ClCompile Include="..\src\PopupOk.cpp">
      <Filter>src\Game\GameScene\Popup</Filter>
    </ClCompile>
    <ClCompile Include="..\src\PopupController.cpp">
      <Filter>src\Game\GameScene\Popup</Filter>
    </ClCompile>
    <ClCompile Include="..\src\PopupBase.cpp">
      <Filter>src\Game\GameScene\Popup</Filter>
    </ClCompile>
    <ClCompile Include="..\src\PopupLanguage.cpp">
      <Filter>src\Game\GameScene\Popup</Filter>
    </ClCompile>
    <ClCompile Include="..\src\StoryMapScene.cpp">
      <Filter>src\Game\GameScene</Filter>
    </ClCompile>
    <ClCompile Include="..\src\VirtualFiles.cpp">
      <Filter>src\Resources</Filter>
    </ClCompile>
    <ClCompile Include="..\src\FileUtils.cpp">
      <Filter>src\Resources</Filter>
    </ClCompile>
    <ClCompile Include="..\src\AnimatedCell.cpp">
      <Filter>src\Game\Gameplay</Filter>
    </ClCompile>
    <ClCompile Include="..\src\Cell.cpp">
      <Filter>src\Game\Gameplay</Filter>
    </ClCompile>
    <ClCompile Include="..\src\CellField.cpp">
      <Filter>src\Game\Gameplay</Filter>
    </ClCompile>
    <ClCompile Include="..\src\CellFieldStateIdle.cpp">
      <Filter>src\Game\Gameplay</Filter>
    </ClCompile>
    <ClCompile Include="..\src\CellFieldBaseState.cpp">
      <Filter>src\Game\Gameplay</Filter>
    </ClCompile>
  </ItemGroup>
  <ItemGroup>
    <ClInclude Include="..\src\AppDelegate.h">
      <Filter>src\Base</Filter>
    </ClInclude>
    <ClInclude Include="..\src\VisibleRect.h">
      <Filter>src\Base</Filter>
    </ClInclude>
    <ClInclude Include="..\src\GameDelegate.h">
      <Filter>src\Game</Filter>
    </ClInclude>
    <ClInclude Include="..\src\Utils.h">
      <Filter>src\Game</Filter>
    </ClInclude>
    <ClInclude Include="..\src\Precompiled.h">
      <Filter>src</Filter>
    </ClInclude>
    <ClInclude Include="..\src\System.h">
      <Filter>src\Game</Filter>
    </ClInclude>
    <ClInclude Include="..\src\sigslot.h" />
    <ClInclude Include="..\src\SceneController.h">
      <Filter>src\Game\GameScene</Filter>
    </ClInclude>
    <ClInclude Include="..\src\Resources.h">
      <Filter>src\Resources</Filter>
    </ClInclude>
    <ClInclude Include="..\src\TextManager.h">
      <Filter>src\Resources</Filter>
    </ClInclude>
    <ClInclude Include="..\src\GameSceneBase.h">
      <Filter>src\Game\GameScene</Filter>
    </ClInclude>
    <ClInclude Include="..\src\LoadingScene.h">
      <Filter>src\Game\GameScene</Filter>
    </ClInclude>
    <ClInclude Include="..\src\MainMenuScene.h">
      <Filter>src\Game\GameScene</Filter>
    </ClInclude>
    <ClInclude Include="..\src\MainScene.h">
      <Filter>src\Game\GameScene</Filter>
    </ClInclude>
    <ClInclude Include="..\src\SceneModes.h">
      <Filter>src\Game\GameScene</Filter>
    </ClInclude>
    <ClInclude Include="..\src\SaveController.h">
      <Filter>src\Game</Filter>
    </ClInclude>
    <ClInclude Include="..\src\EventController.h">
      <Filter>src\Game</Filter>
    </ClInclude>
    <ClInclude Include="..\src\Player.h">
      <Filter>src\Game</Filter>
    </ClInclude>
    <ClInclude Include="..\src\PopupOkCancel.h">
      <Filter>src\Game\GameScene\Popup</Filter>
    </ClInclude>
    <ClInclude Include="..\src\PopupOk.h">
      <Filter>src\Game\GameScene\Popup</Filter>
    </ClInclude>
    <ClInclude Include="..\src\PopupController.h">
      <Filter>src\Game\GameScene\Popup</Filter>
    </ClInclude>
    <ClInclude Include="..\src\PopupBase.h">
      <Filter>src\Game\GameScene\Popup</Filter>
    </ClInclude>
    <ClInclude Include="..\src\PopupLanguage.h">
      <Filter>src\Game\GameScene\Popup</Filter>
    </ClInclude>
    <ClInclude Include="..\src\StoryMapScene.h">
      <Filter>src\Game\GameScene</Filter>
    </ClInclude>
    <ClInclude Include="..\src\VirtualFiles.h">
      <Filter>src\Resources</Filter>
    </ClInclude>
    <ClInclude Include="..\src\FileUtils.h">
      <Filter>src\Resources</Filter>
    </ClInclude>
    <ClInclude Include="..\src\AnimatedCell.h">
      <Filter>src\Game\Gameplay</Filter>
    </ClInclude>
    <ClInclude Include="..\src\Cell.h">
      <Filter>src\Game\Gameplay</Filter>
    </ClInclude>
    <ClInclude Include="..\src\CellField.h">
      <Filter>src\Game\Gameplay</Filter>
    </ClInclude>
    <ClInclude Include="..\src\CellFieldStateIdle.h">
      <Filter>src\Game\Gameplay</Filter>
    </ClInclude>
    <ClInclude Include="..\src\CellFieldBaseState.h">
      <Filter>src\Game\Gameplay</Filter>
    </ClInclude>
  </ItemGroup>
</Project>