<?xml version="1.0" encoding="utf-8"?>
<Project ToolsVersion="4.0" xmlns="http://schemas.microsoft.com/developer/msbuild/2003">
  <ItemGroup>
    <Filter Include="src">
      <UniqueIdentifier>{4FC737F1-C7A5-4376-A066-2A32D752A2FF}</UniqueIdentifier>
      <Extensions>cpp;c;cc;cxx;def;odl;idl;hpj;bat;asm;asmx</Extensions>
    </Filter>
    <Filter Include="src\Base">
      <UniqueIdentifier>{89380021-3bb8-402f-b159-3b2154e9c47c}</UniqueIdentifier>
    </Filter>
    <Filter Include="src\GUI">
      <UniqueIdentifier>{20fe3abc-0279-487f-9258-d99113b69eaa}</UniqueIdentifier>
    </Filter>
    <Filter Include="src\Game">
      <UniqueIdentifier>{a57a3422-1c7a-4de4-b4e2-4b3320008314}</UniqueIdentifier>
    </Filter>
    <Filter Include="src\Game\GameScene">
      <UniqueIdentifier>{f9a01f53-f9bf-4285-97d5-fffa8e617191}</UniqueIdentifier>
    </Filter>
    <Filter Include="src\Game\Base">
      <UniqueIdentifier>{0060f2ec-9a08-489d-bcc3-11f29fa9b3a6}</UniqueIdentifier>
    </Filter>
    <Filter Include="src\GUI\MainMenu">
      <UniqueIdentifier>{a8d0d7f9-55a8-42bf-bb60-e452494f986b}</UniqueIdentifier>
    </Filter>
  </ItemGroup>
  <ItemGroup>
    <ClCompile Include="..\src\main.cpp">
      <Filter>src</Filter>
    </ClCompile>
    <ClCompile Include="..\src\pch.cpp">
      <Filter>src</Filter>
    </ClCompile>
    <ClCompile Include="..\src\AppDelegate.cpp">
      <Filter>src\Base</Filter>
    </ClCompile>
    <ClCompile Include="..\src\GameController.cpp">
      <Filter>src\Base</Filter>
    </ClCompile>
    <ClCompile Include="..\src\VisibleRect.cpp">
      <Filter>src\Base</Filter>
    </ClCompile>
    <ClCompile Include="..\src\MainScene.cpp">
      <Filter>src\Game\GameScene</Filter>
    </ClCompile>
    <ClCompile Include="..\src\GameDelegate.cpp">
      <Filter>src\Game</Filter>
    </ClCompile>
    <ClCompile Include="..\src\GameSceneBase.cpp">
      <Filter>src\Game\Base</Filter>
    </ClCompile>
    <ClCompile Include="..\src\IngameMenuView.cpp">
      <Filter>src\GUI</Filter>
    </ClCompile>
    <ClCompile Include="..\src\MainMenuScene.cpp">
      <Filter>src\GUI\MainMenu</Filter>
    </ClCompile>
    <ClCompile Include="..\src\MainMenuView.cpp">
      <Filter>src\GUI\MainMenu</Filter>
    </ClCompile>
  </ItemGroup>
  <ItemGroup>
    <ClInclude Include="..\src\pch.h">
      <Filter>src</Filter>
    </ClInclude>
    <ClInclude Include="..\src\AppDelegate.h">
      <Filter>src\Base</Filter>
    </ClInclude>
    <ClInclude Include="..\src\GameController.h">
      <Filter>src\Base</Filter>
    </ClInclude>
    <ClInclude Include="..\src\VisibleRect.h">
      <Filter>src\Base</Filter>
    </ClInclude>
    <ClInclude Include="..\src\MainScene.h">
      <Filter>src\Game\GameScene</Filter>
    </ClInclude>
    <ClInclude Include="..\src\GameDelegate.h">
      <Filter>src\Game</Filter>
    </ClInclude>
    <ClInclude Include="..\src\GameSceneBase.h">
      <Filter>src\Game\Base</Filter>
    </ClInclude>
    <ClInclude Include="..\src\IngameMenuView.h">
      <Filter>src\GUI</Filter>
    </ClInclude>
    <ClInclude Include="..\src\MainMenuScene.h">
      <Filter>src\GUI\MainMenu</Filter>
    </ClInclude>
    <ClInclude Include="..\src\MainMenuView.h">
      <Filter>src\GUI\MainMenu</Filter>
    </ClInclude>
  </ItemGroup>
</Project>